# This file was autogenerated by Stack.
# You should not edit this file by hand.
# For more information, please see the documentation at:
#   https://docs.haskellstack.org/en/stable/lock_files

packages: []
snapshots:
- completed:
    size: 558755
    url: https://raw.githubusercontent.com/commercialhaskell/stackage-snapshots/master/nightly/2022/12/17.yaml
    sha256: 7430d6db09f2b997efa8ab2e2a67d9637ff8b3a7f79806c5a5cd85ba76ea9253
  original: nightly-2022-12-17
